{
  "name": "bundle-analysis-test-fixture",
  "version": "1.0.0",
  "lockfileVersion": 1,
  "requires": true,
  "dependencies": {
    "@next/env": {
      "version": "13.4.0",
      "resolved": "https://registry.npmjs.org/@next/env/-/env-13.4.0.tgz",
      "integrity": "sha512-LKofmUuxwGXk2OZJSSJ2SlJE62s6z+56aRsze7chc5TPoVouLR9liTiSWxzYuVzuxk0ui2wtIjyR2tcgS1dIyw=="
    },
    "@next/swc-darwin-arm64": {
      "version": "13.4.0",
      "resolved": "https://registry.npmjs.org/@next/swc-darwin-arm64/-/swc-darwin-arm64-13.4.0.tgz",
      "integrity": "sha512-C39AGL3ANXA+P3cFclQjFZaJ4RHPmuBhskmyy0N3VyCntDmRrNkS4aXeNY4Xwure9IL1nuw02D8bM55I+FsbuQ==",
      "optional": true
    },
    "@next/swc-darwin-x64": {
      "version": "13.4.0",
      "resolved": "https://registry.npmjs.org/@next/swc-darwin-x64/-/swc-darwin-x64-13.4.0.tgz",
      "integrity": "sha512-nj6nx6o7rnBXjo1woZFWLk7OUs7y0SQ0k65SX62kc88GqXtYi3BCqbBznjOX8qtrO//NmtAde/Jd5qkjSgINUQ==",
      "optional": true
    },
    "@next/swc-linux-arm64-gnu": {
      "version": "13.4.0",
      "resolved": "https://registry.npmjs.org/@next/swc-linux-arm64-gnu/-/swc-linux-arm64-gnu-13.4.0.tgz",
      "integrity": "sha512-FBYL7kpzI2KG3lv8gO4xVYmWcFohptjzD9RCLdXsAz+Kqz5VCJILF21DoRcz4Nwj/jMe0SO7l5kBVW4POl4EaQ==",
      "optional": true
    },
    "@next/swc-linux-arm64-musl": {
      "version": "13.4.0",
      "resolved": "https://registry.npmjs.org/@next/swc-linux-arm64-musl/-/swc-linux-arm64-musl-13.4.0.tgz",
      "integrity": "sha512-S3htBbcovnLMgVn0z1ThrP1iAeEM43fw8B7S3KyHTAGe0I21ww4rvUkLdgPCqLNvMpv899lmG7NU5rs6rTkGvg==",
      "optional": true
    },
    "@next/swc-linux-x64-gnu": {
      "version": "13.4.0",
      "resolved": "https://registry.npmjs.org/@next/swc-linux-x64-gnu/-/swc-linux-x64-gnu-13.4.0.tgz",
      "integrity": "sha512-H8GhCgQwFl6iWJ6azQ2tG/GY8BUg1nhPtg4Tp2kIPljdyQypTGJe8oRnPDx0N48WWvB2fNeA7LNEwzVuSidH2w==",
      "optional": true
    },
    "@next/swc-linux-x64-musl": {
      "version": "13.4.0",
      "resolved": "https://registry.npmjs.org/@next/swc-linux-x64-musl/-/swc-linux-x64-musl-13.4.0.tgz",
      "integrity": "sha512-mztVybRPY39NfPOA3QrRQKzYuw7A/D8ElR6ruvM1cBsXMEfF5xTzdZqfTtrE/gNTPUFug9FJPpiRpkZ4mDUl8w==",
      "optional": true
    },
    "@next/swc-win32-arm64-msvc": {
      "version": "13.4.0",
      "resolved": "https://registry.npmjs.org/@next/swc-win32-arm64-msvc/-/swc-win32-arm64-msvc-13.4.0.tgz",
      "integrity": "sha512-mdVh/n0QqT2uXqn8kaTywUoLxY1OYqTpiKbt5b51pDwOStqgbIbqBqG0A7XDaiqWa7RKwllOYxPlPm16EDfWUA==",
      "optional": true
    },
    "@next/swc-win32-ia32-msvc": {
      "version": "13.4.0",
      "resolved": "https://registry.npmjs.org/@next/swc-win32-ia32-msvc/-/swc-win32-ia32-msvc-13.4.0.tgz",
      "integrity": "sha512-GNRqT2mqxxH0x9VthFqziBj8X8HsoBUougmLe3kOouRq/jF73LpKXG0Qs2MYkylqvv/Wg31EYjFNcJnBi1Nimg==",
      "optional": true
    },
    "@next/swc-win32-x64-msvc": {
      "version": "13.4.0",
      "resolved": "https://registry.npmjs.org/@next/swc-win32-x64-msvc/-/swc-win32-x64-msvc-13.4.0.tgz",
      "integrity": "sha512-0AkvhUBUqeb4WKN75IW1KjPkN3HazQFA0OpMuTK+6ptJUXMaMwDDcF3sIPCI741BJ2fpODB7BPM4C63hXWEypg==",
      "optional": true
    },
    "@swc/helpers": {
      "version": "0.5.1",
      "resolved": "https://registry.npmjs.org/@swc/helpers/-/helpers-0.5.1.tgz",
      "integrity": "sha512-sJ902EfIzn1Fa+qYmjdQqh8tPsoxyBz+8yBKC2HKUxyezKJFwPGOn7pv4WY6QuQW//ySQi5lJjA/ZT9sNWWNTg==",
      "requires": {
        "tslib": "^2.4.0"
      }
    },
    "busboy": {
      "version": "1.6.0",
      "resolved": "https://registry.npmjs.org/busboy/-/busboy-1.6.0.tgz",
      "integrity": "sha512-8SFQbg/0hQ9xy3UNTB0YEnsNBbWfhf7RtnzpL7TkBiTBRfrQ9Fxcnz7VJsleJpyp6rVLvXiuORqjlHi5q+PYuA==",
      "requires": {
        "streamsearch": "^1.1.0"
      }
    },
    "caniuse-lite": {
      "version": "1.0.30001482",
      "resolved": "https://registry.npmjs.org/caniuse-lite/-/caniuse-lite-1.0.30001482.tgz",
      "integrity": "sha512-F1ZInsg53cegyjroxLNW9DmrEQ1SuGRTO1QlpA0o2/6OpQ0gFeDRoq1yFmnr8Sakn9qwwt9DmbxHB6w167OSuQ=="
    },
    "client-only": {
      "version": "0.0.1",
      "resolved": "https://registry.npmjs.org/client-only/-/client-only-0.0.1.tgz",
      "integrity": "sha512-IV3Ou0jSMzZrd3pZ48nLkT9DA7Ag1pnPzaiQhpW7c3RbcqqzvzzVu+L8gfqMp/8IM2MQtSiqaCxrrcfu8I8rMA=="
    },
    "js-tokens": {
      "version": "4.0.0",
      "resolved": "https://registry.npmjs.org/js-tokens/-/js-tokens-4.0.0.tgz",
      "integrity": "sha512-RdJUflcE3cUzKiMqQgsCu06FPu9UdIJO0beYbPhHN4k6apgJtifcoCtT9bcxOpYBtpD2kCM6Sbzg4CausW/PKQ=="
    },
    "loose-envify": {
      "version": "1.4.0",
      "resolved": "https://registry.npmjs.org/loose-envify/-/loose-envify-1.4.0.tgz",
      "integrity": "sha512-lyuxPGr/Wfhrlem2CL/UcnUc1zcqKAImBDzukY7Y5F/yQiNdko6+fRLevlw1HgMySw7f611UIY408EtxRSoK3Q==",
      "requires": {
        "js-tokens": "^3.0.0 || ^4.0.0"
      }
    },
    "nanoid": {
      "version": "3.3.6",
      "resolved": "https://registry.npmjs.org/nanoid/-/nanoid-3.3.6.tgz",
      "integrity": "sha512-BGcqMMJuToF7i1rt+2PWSNVnWIkGCU78jBG3RxO/bZlnZPK2Cmi2QaffxGO/2RvWi9sL+FAiRiXMgsyxQ1DIDA=="
    },
    "next": {
      "version": "13.4.0",
      "resolved": "https://registry.npmjs.org/next/-/next-13.4.0.tgz",
      "integrity": "sha512-y3E+2ZjiVrphkz7zcJvd2rEG6miOekI8krPfWV4AZZ9TaF0LDuFdP/f+RQ5M9wRvsz6GWw8k8+7jsO860GxSqg==",
      "requires": {
        "@next/env": "13.4.0",
        "@next/swc-darwin-arm64": "13.4.0",
        "@next/swc-darwin-x64": "13.4.0",
        "@next/swc-linux-arm64-gnu": "13.4.0",
        "@next/swc-linux-arm64-musl": "13.4.0",
        "@next/swc-linux-x64-gnu": "13.4.0",
        "@next/swc-linux-x64-musl": "13.4.0",
        "@next/swc-win32-arm64-msvc": "13.4.0",
        "@next/swc-win32-ia32-msvc": "13.4.0",
        "@next/swc-win32-x64-msvc": "13.4.0",
        "@swc/helpers": "0.5.1",
        "busboy": "1.6.0",
        "caniuse-lite": "^1.0.30001406",
        "postcss": "8.4.14",
        "styled-jsx": "5.1.1",
        "zod": "3.21.4"
      }
    },
    "object-assign": {
      "version": "4.1.1",
      "resolved": "https://registry.npmjs.org/object-assign/-/object-assign-4.1.1.tgz",
      "integrity": "sha1-IQmtx5ZYh8/AXLvUQsrIv7s2CGM="
    },
    "picocolors": {
      "version": "1.0.0",
      "resolved": "https://registry.npmjs.org/picocolors/-/picocolors-1.0.0.tgz",
      "integrity": "sha512-1fygroTLlHu66zi26VoTDv8yRgm0Fccecssto+MhsZ0D/DGW2sm8E8AjW7NU5VVTRt5GxbeZ5qBuJr+HyLYkjQ=="
    },
    "postcss": {
      "version": "8.4.14",
      "resolved": "https://registry.npmjs.org/postcss/-/postcss-8.4.14.tgz",
      "integrity": "sha512-E398TUmfAYFPBSdzgeieK2Y1+1cpdxJx8yXbK/m57nRhKSmk1GB2tO4lbLBtlkfPQTDKfe4Xqv1ASWPpayPEig==",
      "requires": {
        "nanoid": "^3.3.4",
        "picocolors": "^1.0.0",
        "source-map-js": "^1.0.2"
      }
    },
    "react": {
      "version": "17.0.2",
      "resolved": "https://registry.npmjs.org/react/-/react-17.0.2.tgz",
      "integrity": "sha512-gnhPt75i/dq/z3/6q/0asP78D0u592D5L1pd7M8P+dck6Fu/jJeL6iVVK23fptSUZj8Vjf++7wXA8UNclGQcbA==",
      "requires": {
        "loose-envify": "^1.1.0",
        "object-assign": "^4.1.1"
      }
    },
    "react-dom": {
      "version": "17.0.2",
      "resolved": "https://registry.npmjs.org/react-dom/-/react-dom-17.0.2.tgz",
      "integrity": "sha512-s4h96KtLDUQlsENhMn1ar8t2bEa+q/YAtj8pPPdIjPDGBDIVNsrD9aXNWqspUe6AzKCIG0C1HZZLqLV7qpOBGA==",
      "requires": {
        "loose-envify": "^1.1.0",
        "object-assign": "^4.1.1",
        "scheduler": "^0.20.2"
      }
    },
    "scheduler": {
      "version": "0.20.2",
      "resolved": "https://registry.npmjs.org/scheduler/-/scheduler-0.20.2.tgz",
      "integrity": "sha512-2eWfGgAqqWFGqtdMmcL5zCMK1U8KlXv8SQFGglL3CEtd0aDVDWgeF/YoCmvln55m5zSk3J/20hTaSBeSObsQDQ==",
      "requires": {
        "loose-envify": "^1.1.0",
        "object-assign": "^4.1.1"
      }
    },
    "source-map-js": {
      "version": "1.0.2",
      "resolved": "https://registry.npmjs.org/source-map-js/-/source-map-js-1.0.2.tgz",
      "integrity": "sha512-R0XvVJ9WusLiqTCEiGCmICCMplcCkIwwR11mOSD9CR5u+IXYdiseeEuXCVAjS54zqwkLcPNnmU4OeJ6tUrWhDw=="
    },
    "streamsearch": {
      "version": "1.1.0",
      "resolved": "https://registry.npmjs.org/streamsearch/-/streamsearch-1.1.0.tgz",
      "integrity": "sha512-Mcc5wHehp9aXz1ax6bZUyY5afg9u2rv5cqQI3mRrYkGC8rW2hM02jWuwjtL++LS5qinSyhj2QfLyNsuc+VsExg=="
    },
    "styled-jsx": {
      "version": "5.1.1",
      "resolved": "https://registry.npmjs.org/styled-jsx/-/styled-jsx-5.1.1.tgz",
      "integrity": "sha512-pW7uC1l4mBZ8ugbiZrcIsiIvVx1UmTfw7UkC3Um2tmfUq9Bhk8IiyEIPl6F8agHgjzku6j0xQEZbfA5uSgSaCw==",
      "requires": {
        "client-only": "0.0.1"
      }
    },
    "tslib": {
      "version": "2.5.0",
      "resolved": "https://registry.npmjs.org/tslib/-/tslib-2.5.0.tgz",
      "integrity": "sha512-336iVw3rtn2BUK7ORdIAHTyxHGRIHVReokCR3XjbckJMK7ms8FysBfhLR8IXnAgy7T0PTPNBWKiH514FOW/WSg=="
    },
    "zod": {
      "version": "3.21.4",
      "resolved": "https://registry.npmjs.org/zod/-/zod-3.21.4.tgz",
      "integrity": "sha512-m46AKbrzKVzOzs/DZgVnG5H55N1sv1M8qZU3A8RIKbs3mrACDNeIOeilDymVb2HdmP8uwshOCF4uJ8uM9rCqJw=="
    }
  }
}
